
Microsoft Visual Studio Solution File, Format Version 12.00
# Visual Studio Version 16
VisualStudioVersion = 16.0.30114.105
MinimumVisualStudioVersion = 10.0.40219.1
Project("{FAE04EC0-301F-11D3-BF4B-00C04F79EFBC}") = "Snake", "Snake\Snake.csproj", "{B8D48746-8591-48A0-AA1F-696F7CB212E2}"
EndProject
Global
	GlobalSection(SolutionConfigurationPlatforms) = preSolution
		Debug|Any CPU = Debug|Any CPU
		Release|Any CPU = Release|Any CPU
	EndGlobalSection
	GlobalSection(ProjectConfigurationPlatforms) = postSolution
		{B8D48746-8591-48A0-AA1F-696F7CB212E2}.Debug|Any CPU.ActiveCfg = Debug|Any CPU
		{B8D48746-8591-48A0-AA1F-696F7CB212E2}.Debug|Any CPU.Build.0 = Debug|Any CPU
		{B8D48746-8591-48A0-AA1F-696F7CB212E2}.Release|Any CPU.ActiveCfg = Release|Any CPU
		{B8D48746-8591-48A0-AA1F-696F7CB212E2}.Release|Any CPU.Build.0 = Release|Any CPU
	EndGlobalSection
	GlobalSection(SolutionProperties) = preSolution
		HideSolutionNode = FALSE
	EndGlobalSection
	GlobalSection(ExtensibilityGlobals) = postSolution
		SolutionGuid = {542D7E32-EA27-4EA5-8F47-ADC96AC7C57E}
	EndGlobalSection
EndGlobal
